
Microsoft Visual Studio Solution File, Format Version 12.00
# Visual Studio 2012
Project("{FAE04EC0-301F-11D3-BF4B-00C04F79EFBC}") = "MyClient", "MyClient\MyClient.csproj", "{4E4763F8-F8E4-497B-A90A-216451B57B74}"
EndProject
Global
	GlobalSection(SolutionConfigurationPlatforms) = preSolution
		Debug|x86 = Debug|x86
		Release|x86 = Release|x86
	EndGlobalSection
	GlobalSection(ProjectConfigurationPlatforms) = postSolution
		{4E4763F8-F8E4-497B-A90A-216451B57B74}.Debug|x86.ActiveCfg = Debug|x86
		{4E4763F8-F8E4-497B-A90A-216451B57B74}.Debug|x86.Build.0 = Debug|x86
		{4E4763F8-F8E4-497B-A90A-216451B57B74}.Release|x86.ActiveCfg = Release|x86
		{4E4763F8-F8E4-497B-A90A-216451B57B74}.Release|x86.Build.0 = Release|x86
	EndGlobalSection
EndGlobal
